
Microsoft Visual Studio Solution File, Format Version 12.00
# Visual Studio Version 17
VisualStudioVersion = 17.13.35931.197 d17.13
MinimumVisualStudioVersion = 10.0.40219.1
Project("{FAE04EC0-301F-11D3-BF4B-00C04F79EFBC}") = "CalculadoraSimples", "CalculadoraSimples\CalculadoraSimples.csproj", "{17F0BA86-B7DA-4E8E-A5A8-F4C85315A6B1}"
EndProject
Global
	GlobalSection(SolutionConfigurationPlatforms) = preSolution
		Debug|Any CPU = Debug|Any CPU
		Release|Any CPU = Release|Any CPU
	EndGlobalSection
	GlobalSection(ProjectConfigurationPlatforms) = postSolution
		{17F0BA86-B7DA-4E8E-A5A8-F4C85315A6B1}.Debug|Any CPU.ActiveCfg = Debug|Any CPU
		{17F0BA86-B7DA-4E8E-A5A8-F4C85315A6B1}.Debug|Any CPU.Build.0 = Debug|Any CPU
		{17F0BA86-B7DA-4E8E-A5A8-F4C85315A6B1}.Release|Any CPU.ActiveCfg = Release|Any CPU
		{17F0BA86-B7DA-4E8E-A5A8-F4C85315A6B1}.Release|Any CPU.Build.0 = Release|Any CPU
	EndGlobalSection
	GlobalSection(SolutionProperties) = preSolution
		HideSolutionNode = FALSE
	EndGlobalSection
	GlobalSection(ExtensibilityGlobals) = postSolution
		SolutionGuid = {BC7A0CFB-8433-4AFF-928C-B741C534C8CE}
	EndGlobalSection
EndGlobal
